
Microsoft Visual Studio Solution File, Format Version 12.00
# Visual Studio Version 17
VisualStudioVersion = 17.0.31903.59
MinimumVisualStudioVersion = 10.0.40219.1
Project("{FAE04EC0-301F-11D3-BF4B-00C04F79EFBC}") = "text-to-speech-api", "text-to-speech-api\text-to-speech-api.csproj", "{BC7F1B18-FE1B-44EB-885C-4BEA2724F441}"
EndProject
Global
	GlobalSection(SolutionConfigurationPlatforms) = preSolution
		Debug|Any CPU = Debug|Any CPU
		Release|Any CPU = Release|Any CPU
	EndGlobalSection
	GlobalSection(SolutionProperties) = preSolution
		HideSolutionNode = FALSE
	EndGlobalSection
	GlobalSection(ProjectConfigurationPlatforms) = postSolution
		{BC7F1B18-FE1B-44EB-885C-4BEA2724F441}.Debug|Any CPU.ActiveCfg = Debug|Any CPU
		{BC7F1B18-FE1B-44EB-885C-4BEA2724F441}.Debug|Any CPU.Build.0 = Debug|Any CPU
		{BC7F1B18-FE1B-44EB-885C-4BEA2724F441}.Release|Any CPU.ActiveCfg = Release|Any CPU
		{BC7F1B18-FE1B-44EB-885C-4BEA2724F441}.Release|Any CPU.Build.0 = Release|Any CPU
	EndGlobalSection
EndGlobal
