
Microsoft Visual Studio Solution File, Format Version 12.00
# Visual Studio Version 17
VisualStudioVersion = 17.0.31903.59
MinimumVisualStudioVersion = 10.0.40219.1
Project("{FAE04EC0-301F-11D3-BF4B-00C04F79EFBC}") = "StringLibrary", "StringLibrary\StringLibrary.csproj", "{4D9D78A5-0E0B-4F73-9A57-C4B43CDD587A}"
EndProject
Project("{FAE04EC0-301F-11D3-BF4B-00C04F79EFBC}") = "ValidationLibrary", "ValidationLibrary\ValidationLibrary.csproj", "{FA287AFD-0E01-4D31-8123-6252B7AFA02B}"
EndProject
Project("{FAE04EC0-301F-11D3-BF4B-00C04F79EFBC}") = "CustomAnnotations", "CustomAnnotations\CustomAnnotations.csproj", "{1616435F-B181-4260-82EC-ABD1F604B826}"
EndProject
Global
	GlobalSection(SolutionConfigurationPlatforms) = preSolution
		Debug|Any CPU = Debug|Any CPU
		Release|Any CPU = Release|Any CPU
	EndGlobalSection
	GlobalSection(SolutionProperties) = preSolution
		HideSolutionNode = FALSE
	EndGlobalSection
	GlobalSection(ProjectConfigurationPlatforms) = postSolution
		{4D9D78A5-0E0B-4F73-9A57-C4B43CDD587A}.Debug|Any CPU.ActiveCfg = Debug|Any CPU
		{4D9D78A5-0E0B-4F73-9A57-C4B43CDD587A}.Debug|Any CPU.Build.0 = Debug|Any CPU
		{4D9D78A5-0E0B-4F73-9A57-C4B43CDD587A}.Release|Any CPU.ActiveCfg = Release|Any CPU
		{4D9D78A5-0E0B-4F73-9A57-C4B43CDD587A}.Release|Any CPU.Build.0 = Release|Any CPU
		{FA287AFD-0E01-4D31-8123-6252B7AFA02B}.Debug|Any CPU.ActiveCfg = Debug|Any CPU
		{FA287AFD-0E01-4D31-8123-6252B7AFA02B}.Debug|Any CPU.Build.0 = Debug|Any CPU
		{FA287AFD-0E01-4D31-8123-6252B7AFA02B}.Release|Any CPU.ActiveCfg = Release|Any CPU
		{FA287AFD-0E01-4D31-8123-6252B7AFA02B}.Release|Any CPU.Build.0 = Release|Any CPU
		{1616435F-B181-4260-82EC-ABD1F604B826}.Debug|Any CPU.ActiveCfg = Debug|Any CPU
		{1616435F-B181-4260-82EC-ABD1F604B826}.Debug|Any CPU.Build.0 = Debug|Any CPU
		{1616435F-B181-4260-82EC-ABD1F604B826}.Release|Any CPU.ActiveCfg = Release|Any CPU
		{1616435F-B181-4260-82EC-ABD1F604B826}.Release|Any CPU.Build.0 = Release|Any CPU
	EndGlobalSection
EndGlobal
